
Microsoft Visual Studio Solution File, Format Version 12.00
# Visual Studio Version 17
VisualStudioVersion = 17.13.35806.99
MinimumVisualStudioVersion = 10.0.40219.1
Project("{FAE04EC0-301F-11D3-BF4B-00C04F79EFBC}") = "ChurchManagement.AppHost", "ChurchManagement.AppHost\ChurchManagement.AppHost.csproj", "{E2103E7C-2484-48ED-BA81-341EE638D8EB}"
EndProject
Project("{FAE04EC0-301F-11D3-BF4B-00C04F79EFBC}") = "ChurchManagement.ServiceDefaults", "ChurchManagement.ServiceDefaults\ChurchManagement.ServiceDefaults.csproj", "{17A2A30E-077A-E36F-4AA9-0EF01AAC489E}"
EndProject
Project("{FAE04EC0-301F-11D3-BF4B-00C04F79EFBC}") = "Authentication.API", "Authentication.API\Authentication.API.csproj", "{1F195C2D-F2A7-93B5-388A-FDBB83822198}"
EndProject
Project("{2150E333-8FDC-42A3-9474-1A3956D46DE8}") = "Church", "Church", "{02EA681E-C7D8-13C7-8484-4AC65E1B71E8}"
EndProject
Project("{FAE04EC0-301F-11D3-BF4B-00C04F79EFBC}") = "Church.API", "Church\Church.API\Church.API.csproj", "{F8BFAE17-344F-EDFF-4950-002CC01746CF}"
EndProject
Project("{FAE04EC0-301F-11D3-BF4B-00C04F79EFBC}") = "Church.Application", "Church\Church.Application\Church.Application.csproj", "{367C7E1E-44B2-F130-73A2-E7B229221364}"
EndProject
Project("{FAE04EC0-301F-11D3-BF4B-00C04F79EFBC}") = "Church.Domain", "Church\Church.Domain\Church.Domain.csproj", "{8D96FC91-2142-C072-108C-663E0EF7085A}"
EndProject
Project("{FAE04EC0-301F-11D3-BF4B-00C04F79EFBC}") = "Church.Infrastructure", "Church\Church.Infrastructure\Church.Infrastructure.csproj", "{A57E8A1A-F37F-E0F5-BCB6-CC76EC4280BE}"
EndProject
Project("{FAE04EC0-301F-11D3-BF4B-00C04F79EFBC}") = "Shared", "Shared\Shared.csproj", "{088728C0-9F26-42F8-9CAB-B51E721C734C}"
EndProject
Global
	GlobalSection(SolutionConfigurationPlatforms) = preSolution
		Debug|Any CPU = Debug|Any CPU
		Release|Any CPU = Release|Any CPU
	EndGlobalSection
	GlobalSection(ProjectConfigurationPlatforms) = postSolution
		{E2103E7C-2484-48ED-BA81-341EE638D8EB}.Debug|Any CPU.ActiveCfg = Debug|Any CPU
		{E2103E7C-2484-48ED-BA81-341EE638D8EB}.Debug|Any CPU.Build.0 = Debug|Any CPU
		{E2103E7C-2484-48ED-BA81-341EE638D8EB}.Release|Any CPU.ActiveCfg = Release|Any CPU
		{E2103E7C-2484-48ED-BA81-341EE638D8EB}.Release|Any CPU.Build.0 = Release|Any CPU
		{17A2A30E-077A-E36F-4AA9-0EF01AAC489E}.Debug|Any CPU.ActiveCfg = Debug|Any CPU
		{17A2A30E-077A-E36F-4AA9-0EF01AAC489E}.Debug|Any CPU.Build.0 = Debug|Any CPU
		{17A2A30E-077A-E36F-4AA9-0EF01AAC489E}.Release|Any CPU.ActiveCfg = Release|Any CPU
		{17A2A30E-077A-E36F-4AA9-0EF01AAC489E}.Release|Any CPU.Build.0 = Release|Any CPU
		{1F195C2D-F2A7-93B5-388A-FDBB83822198}.Debug|Any CPU.ActiveCfg = Debug|Any CPU
		{1F195C2D-F2A7-93B5-388A-FDBB83822198}.Debug|Any CPU.Build.0 = Debug|Any CPU
		{1F195C2D-F2A7-93B5-388A-FDBB83822198}.Release|Any CPU.ActiveCfg = Release|Any CPU
		{1F195C2D-F2A7-93B5-388A-FDBB83822198}.Release|Any CPU.Build.0 = Release|Any CPU
		{F8BFAE17-344F-EDFF-4950-002CC01746CF}.Debug|Any CPU.ActiveCfg = Debug|Any CPU
		{F8BFAE17-344F-EDFF-4950-002CC01746CF}.Debug|Any CPU.Build.0 = Debug|Any CPU
		{F8BFAE17-344F-EDFF-4950-002CC01746CF}.Release|Any CPU.ActiveCfg = Release|Any CPU
		{F8BFAE17-344F-EDFF-4950-002CC01746CF}.Release|Any CPU.Build.0 = Release|Any CPU
		{367C7E1E-44B2-F130-73A2-E7B229221364}.Debug|Any CPU.ActiveCfg = Debug|Any CPU
		{367C7E1E-44B2-F130-73A2-E7B229221364}.Debug|Any CPU.Build.0 = Debug|Any CPU
		{367C7E1E-44B2-F130-73A2-E7B229221364}.Release|Any CPU.ActiveCfg = Release|Any CPU
		{367C7E1E-44B2-F130-73A2-E7B229221364}.Release|Any CPU.Build.0 = Release|Any CPU
		{8D96FC91-2142-C072-108C-663E0EF7085A}.Debug|Any CPU.ActiveCfg = Debug|Any CPU
		{8D96FC91-2142-C072-108C-663E0EF7085A}.Debug|Any CPU.Build.0 = Debug|Any CPU
		{8D96FC91-2142-C072-108C-663E0EF7085A}.Release|Any CPU.ActiveCfg = Release|Any CPU
		{8D96FC91-2142-C072-108C-663E0EF7085A}.Release|Any CPU.Build.0 = Release|Any CPU
		{A57E8A1A-F37F-E0F5-BCB6-CC76EC4280BE}.Debug|Any CPU.ActiveCfg = Debug|Any CPU
		{A57E8A1A-F37F-E0F5-BCB6-CC76EC4280BE}.Debug|Any CPU.Build.0 = Debug|Any CPU
		{A57E8A1A-F37F-E0F5-BCB6-CC76EC4280BE}.Release|Any CPU.ActiveCfg = Release|Any CPU
		{A57E8A1A-F37F-E0F5-BCB6-CC76EC4280BE}.Release|Any CPU.Build.0 = Release|Any CPU
		{088728C0-9F26-42F8-9CAB-B51E721C734C}.Debug|Any CPU.ActiveCfg = Debug|Any CPU
		{088728C0-9F26-42F8-9CAB-B51E721C734C}.Debug|Any CPU.Build.0 = Debug|Any CPU
		{088728C0-9F26-42F8-9CAB-B51E721C734C}.Release|Any CPU.ActiveCfg = Release|Any CPU
		{088728C0-9F26-42F8-9CAB-B51E721C734C}.Release|Any CPU.Build.0 = Release|Any CPU
	EndGlobalSection
	GlobalSection(SolutionProperties) = preSolution
		HideSolutionNode = FALSE
	EndGlobalSection
	GlobalSection(NestedProjects) = preSolution
		{F8BFAE17-344F-EDFF-4950-002CC01746CF} = {02EA681E-C7D8-13C7-8484-4AC65E1B71E8}
		{367C7E1E-44B2-F130-73A2-E7B229221364} = {02EA681E-C7D8-13C7-8484-4AC65E1B71E8}
		{8D96FC91-2142-C072-108C-663E0EF7085A} = {02EA681E-C7D8-13C7-8484-4AC65E1B71E8}
		{A57E8A1A-F37F-E0F5-BCB6-CC76EC4280BE} = {02EA681E-C7D8-13C7-8484-4AC65E1B71E8}
	EndGlobalSection
	GlobalSection(ExtensibilityGlobals) = postSolution
		SolutionGuid = {2637EB20-AB25-4107-8465-BBAAF75FF738}
	EndGlobalSection
EndGlobal
